
Microsoft Visual Studio Solution File, Format Version 12.00
# Visual Studio Version 17
VisualStudioVersion = 17.7.34003.232
MinimumVisualStudioVersion = 10.0.40219.1
Project("{FAE04EC0-301F-11D3-BF4B-00C04F79EFBC}") = "FinancialCrm", "FinancialCrm\FinancialCrm.csproj", "{7791BF18-1678-4B85-9AFB-909C0D1A7437}"
EndProject
Global
	GlobalSection(SolutionConfigurationPlatforms) = preSolution
		Debug|Any CPU = Debug|Any CPU
		Release|Any CPU = Release|Any CPU
	EndGlobalSection
	GlobalSection(ProjectConfigurationPlatforms) = postSolution
		{7791BF18-1678-4B85-9AFB-909C0D1A7437}.Debug|Any CPU.ActiveCfg = Debug|Any CPU
		{7791BF18-1678-4B85-9AFB-909C0D1A7437}.Debug|Any CPU.Build.0 = Debug|Any CPU
		{7791BF18-1678-4B85-9AFB-909C0D1A7437}.Release|Any CPU.ActiveCfg = Release|Any CPU
		{7791BF18-1678-4B85-9AFB-909C0D1A7437}.Release|Any CPU.Build.0 = Release|Any CPU
	EndGlobalSection
	GlobalSection(SolutionProperties) = preSolution
		HideSolutionNode = FALSE
	EndGlobalSection
	GlobalSection(ExtensibilityGlobals) = postSolution
		SolutionGuid = {24B0E286-6A2C-42F1-9549-CE61D2AA0DD3}
	EndGlobalSection
EndGlobal
